[[package]]
name = "cart"
version = "1.2.1"
description = "CaRT Neutering format"
category = "main"
optional = false
python-versions = ">=3.6"

[package.dependencies]
pycryptodome = "*"

[[package]]
name = "certifi"
version = "2021.10.8"
description = "Python package for providing Mozilla's CA Bundle."
category = "main"
optional = false
python-versions = "*"

[[package]]
name = "charset-normalizer"
version = "2.0.10"
description = "The Real First Universal Charset Detector. Open, modern and actively maintained alternative to Chardet."
category = "main"
optional = false
python-versions = ">=3.5.0"

[package.extras]
unicode_backport = ["unicodedata2"]

[[package]]
name = "idna"
version = "3.3"
description = "Internationalized Domain Names in Applications (IDNA)"
category = "main"
optional = false
python-versions = ">=3.5"

[[package]]
name = "pycryptodome"
version = "3.12.0"
description = "Cryptographic library for Python"
category = "main"
optional = false
python-versions = ">=2.7, !=3.0.*, !=3.1.*, !=3.2.*, !=3.3.*, !=3.4.*"

[[package]]
name = "pytelegrambotapi"
version = "4.2.2"
description = "Python Telegram bot api."
category = "main"
optional = false
python-versions = "*"

[package.dependencies]
requests = "*"

[package.extras]
PIL = ["pillow"]
json = ["ujson"]
redis = ["redis (>=3.4.1)"]

[[package]]
name = "requests"
version = "2.27.1"
description = "Python HTTP for Humans."
category = "main"
optional = false
python-versions = ">=2.7, !=3.0.*, !=3.1.*, !=3.2.*, !=3.3.*, !=3.4.*, !=3.5.*"

[package.dependencies]
certifi = ">=2017.4.17"
charset-normalizer = {version = ">=2.0.0,<2.1.0", markers = "python_version >= \"3\""}
idna = {version = ">=2.5,<4", markers = "python_version >= \"3\""}
urllib3 = ">=1.21.1,<1.27"

[package.extras]
socks = ["PySocks (>=1.5.6,!=1.5.7)", "win-inet-pton"]
use_chardet_on_py3 = ["chardet (>=3.0.2,<5)"]

[[package]]
name = "schedule"
version = "1.1.0"
description = "Job scheduling for humans."
category = "main"
optional = false
python-versions = ">=3.6"

[[package]]
name = "urllib3"
version = "1.26.7"
description = "HTTP library with thread-safe connection pooling, file post, and more."
category = "main"
optional = false
python-versions = ">=2.7, !=3.0.*, !=3.1.*, !=3.2.*, !=3.3.*, !=3.4.*, <4"

[package.extras]
brotli = ["brotlipy (>=0.6.0)"]
secure = ["pyOpenSSL (>=0.14)", "cryptography (>=1.3.4)", "idna (>=2.0.0)", "certifi", "ipaddress"]
socks = ["PySocks (>=1.5.6,!=1.5.7,<2.0)"]

[metadata]
lock-version = "1.1"
python-versions = "^3.8"
content-hash = "8cf2903fd7ec89b0293c6e9c99fce2da03198d03c34f1b5e8e9e781a714fc1d1"

[metadata.files]
cart = [
    {file = "cart-1.2.1-py2.py3-none-any.whl", hash = "sha256:4562fc180d76ab46c830c33abe4948ac9b08f8d3f1eb8ad35f534cab61d7a8b5"},
]
certifi = [
    {file = "certifi-2021.10.8-py2.py3-none-any.whl", hash = "sha256:d62a0163eb4c2344ac042ab2bdf75399a71a2d8c7d47eac2e2ee91b9d6339569"},
    {file = "certifi-2021.10.8.tar.gz", hash = "sha256:78884e7c1d4b00ce3cea67b44566851c4343c120abd683433ce934a68ea58872"},
]
charset-normalizer = [
    {file = "charset-normalizer-2.0.10.tar.gz", hash = "sha256:876d180e9d7432c5d1dfd4c5d26b72f099d503e8fcc0feb7532c9289be60fcbd"},
    {file = "charset_normalizer-2.0.10-py3-none-any.whl", hash = "sha256:cb957888737fc0bbcd78e3df769addb41fd1ff8cf950dc9e7ad7793f1bf44455"},
]
idna = [
    {file = "idna-3.3-py3-none-any.whl", hash = "sha256:84d9dd047ffa80596e0f246e2eab0b391788b0503584e8945f2368256d2735ff"},
    {file = "idna-3.3.tar.gz", hash = "sha256:9d643ff0a55b762d5cdb124b8eaa99c66322e2157b69160bc32796e824360e6d"},
]
pycryptodome = [
    {file = "pycryptodome-3.12.0-cp27-cp27m-macosx_10_9_x86_64.whl", hash = "sha256:90ad3381ccdc6a24cc2841e295706a168f32abefe64c679695712acac71fd5da"},
    {file = "pycryptodome-3.12.0-cp27-cp27m-manylinux1_i686.whl", hash = "sha256:e80f7469b0b3ea0f694230477d8501dc5a30a717e94fddd4821e6721f3053eae"},
    {file = "pycryptodome-3.12.0-cp27-cp27m-manylinux1_x86_64.whl", hash = "sha256:b91404611767a7485837a6f1fd20cf9a5ae0ad362040a022cd65827ecb1b0d00"},
    {file = "pycryptodome-3.12.0-cp27-cp27m-manylinux2010_i686.whl", hash = "sha256:db66ccda65d5d20c17b00768e462a86f6f540f9aea8419a7f76cc7d9effd82cd"},
    {file = "pycryptodome-3.12.0-cp27-cp27m-manylinux2010_x86_64.whl", hash = "sha256:dc88355c4b261ed259268e65705b28b44d99570337694d593f06e3b1698eaaf3"},
    {file = "pycryptodome-3.12.0-cp27-cp27m-manylinux2014_aarch64.whl", hash = "sha256:6f8f5b7b53516da7511951910ab458e799173722c91fea54e2ba2f56d102e4aa"},
    {file = "pycryptodome-3.12.0-cp27-cp27m-win32.whl", hash = "sha256:93acad54a72d81253242eb0a15064be559ec9d989e5173286dc21cad19f01765"},
    {file = "pycryptodome-3.12.0-cp27-cp27m-win_amd64.whl", hash = "sha256:5a8c24d39d4a237dbfe181ea6593792bf9b5582c7fcfa7b8e0e12fda5eec07af"},
    {file = "pycryptodome-3.12.0-cp27-cp27mu-manylinux1_i686.whl", hash = "sha256:32d15da81959faea6cbed95df2bb44f7f796211c110cf90b5ad3b2aeeb97fc8e"},
    {file = "pycryptodome-3.12.0-cp27-cp27mu-manylinux1_x86_64.whl", hash = "sha256:aed7eb4b64c600fbc5e6d4238991ad1b4179a558401f203d1fcbd24883748982"},
    {file = "pycryptodome-3.12.0-cp27-cp27mu-manylinux2010_i686.whl", hash = "sha256:341c6bbf932c406b4f3ee2372e8589b67ac0cf4e99e7dc081440f43a3cde9f0f"},
    {file = "pycryptodome-3.12.0-cp27-cp27mu-manylinux2010_x86_64.whl", hash = "sha256:de0b711d673904dd6c65307ead36cb76622365a393569bf880895cba21195b7a"},
    {file = "pycryptodome-3.12.0-cp27-cp27mu-manylinux2014_aarch64.whl", hash = "sha256:3558616f45d8584aee3eba27559bc6fd0ba9be6c076610ed3cc62bd5229ffdc3"},
    {file = "pycryptodome-3.12.0-cp35-abi3-macosx_10_9_x86_64.whl", hash = "sha256:a78e4324e566b5fbc2b51e9240950d82fa9e1c7eb77acdf27f58712f65622c1d"},
    {file = "pycryptodome-3.12.0-cp35-abi3-manylinux1_i686.whl", hash = "sha256:3f2f3dd596c6128d91314e60a6bcf4344610ef0e97f4ae4dd1770f86dd0748d8"},
    {file = "pycryptodome-3.12.0-cp35-abi3-manylinux1_x86_64.whl", hash = "sha256:e05f994f30f1cda3cbe57441f41220d16731cf99d868bb02a8f6484c454c206b"},
    {file = "pycryptodome-3.12.0-cp35-abi3-manylinux2010_i686.whl", hash = "sha256:4cded12e13785bbdf4ba1ff5fb9d261cd98162145f869e4fbc4a4b9083392f0b"},
    {file = "pycryptodome-3.12.0-cp35-abi3-manylinux2010_x86_64.whl", hash = "sha256:1181c90d1a6aee68a84826825548d0db1b58d8541101f908d779d601d1690586"},
    {file = "pycryptodome-3.12.0-cp35-abi3-manylinux2014_aarch64.whl", hash = "sha256:6bb0d340c93bcb674ea8899e2f6408ec64c6c21731a59481332b4b2a8143cc60"},
    {file = "pycryptodome-3.12.0-cp35-abi3-win32.whl", hash = "sha256:39da5807aa1ff820799c928f745f89432908bf6624b9e981d2d7f9e55d91b860"},
    {file = "pycryptodome-3.12.0-cp35-abi3-win_amd64.whl", hash = "sha256:212c7f7fe11cad9275fbcff50ca977f1c6643f13560d081e7b0f70596df447b8"},
    {file = "pycryptodome-3.12.0-pp27-pypy_73-macosx_10_9_x86_64.whl", hash = "sha256:b07a4238465eb8c65dd5df2ab8ba6df127e412293c0ed7656c003336f557a100"},
    {file = "pycryptodome-3.12.0-pp27-pypy_73-manylinux1_x86_64.whl", hash = "sha256:a6e1bcd9d5855f1a3c0f8d585f44c81b08f39a02754007f374fb8db9605ba29c"},
    {file = "pycryptodome-3.12.0-pp27-pypy_73-manylinux2010_x86_64.whl", hash = "sha256:aceb1d217c3a025fb963849071446cf3aca1353282fe1c3cb7bd7339a4d47947"},
    {file = "pycryptodome-3.12.0-pp27-pypy_73-win32.whl", hash = "sha256:f699360ae285fcae9c8f53ca6acf33796025a82bb0ccd7c1c551b04c1726def3"},
    {file = "pycryptodome-3.12.0-pp36-pypy36_pp73-macosx_10_9_x86_64.whl", hash = "sha256:d845c587ceb82ac7cbac7d0bf8c62a1a0fe7190b028b322da5ca65f6e5a18b9e"},
    {file = "pycryptodome-3.12.0-pp36-pypy36_pp73-manylinux1_x86_64.whl", hash = "sha256:d8083de50f6dec56c3c6f270fb193590999583a1b27c9c75bc0b5cac22d438cc"},
    {file = "pycryptodome-3.12.0-pp36-pypy36_pp73-manylinux2010_x86_64.whl", hash = "sha256:9ea2f6674c803602a7c0437fccdc2ea036707e60456974fe26ca263bd501ec45"},
    {file = "pycryptodome-3.12.0-pp36-pypy36_pp73-win32.whl", hash = "sha256:5d4264039a2087977f50072aaff2346d1c1c101cb359f9444cf92e3d1f42b4cd"},
    {file = "pycryptodome-3.12.0.zip", hash = "sha256:12c7343aec5a3b3df5c47265281b12b611f26ec9367b6129199d67da54b768c1"},
]
pytelegrambotapi = [
    {file = "pyTelegramBotAPI-4.2.2.tar.gz", hash = "sha256:7f813e84dd44d3e079c54d8e94b7a8f67732d68c9e45483ed44e566b690d065e"},
]
requests = [
    {file = "requests-2.27.1-py2.py3-none-any.whl", hash = "sha256:f22fa1e554c9ddfd16e6e41ac79759e17be9e492b3587efa038054674760e72d"},
    {file = "requests-2.27.1.tar.gz", hash = "sha256:68d7c56fd5a8999887728ef304a6d12edc7be74f1cfa47714fc8b414525c9a61"},
]
schedule = [
    {file = "schedule-1.1.0-py2.py3-none-any.whl", hash = "sha256:617adce8b4bf38c360b781297d59918fbebfb2878f1671d189f4f4af5d0567a4"},
    {file = "schedule-1.1.0.tar.gz", hash = "sha256:e6ca13585e62c810e13a08682e0a6a8ad245372e376ba2b8679294f377dfc8e4"},
]
urllib3 = [
    {file = "urllib3-1.26.7-py2.py3-none-any.whl", hash = "sha256:c4fdf4019605b6e5423637e01bc9fe4daef873709a7973e195ceba0a62bbc844"},
    {file = "urllib3-1.26.7.tar.gz", hash = "sha256:4987c65554f7a2dbf30c18fd48778ef124af6fab771a377103da0585e2336ece"},
]
